// !$*UTF8*$!
{
	archiveVersion = 1;
	classes = {
	};
	objectVersion = 55;
	objects = {

/* Begin PBXBuildFile section */
		EF0D66B528D4E9A600C7BD69 /* ItemModel.swift in Sources */ = {isa = PBXBuildFile; fileRef = EF0D66B428D4E9A600C7BD69 /* ItemModel.swift */; };
		EF0D66B828D5049F00C7BD69 /* ListViewModel.swift in Sources */ = {isa = PBXBuildFile; fileRef = EF0D66B728D5049F00C7BD69 /* ListViewModel.swift */; };
		EF0D66BA28D79E4800C7BD69 /* NoItemsView.swift in Sources */ = {isa = PBXBuildFile; fileRef = EF0D66B928D79E4800C7BD69 /* NoItemsView.swift */; };
		EFAE546228D8E5720017B328 /* LaunchScreen.storyboard in Resources */ = {isa = PBXBuildFile; fileRef = EFAE546128D8E5720017B328 /* LaunchScreen.storyboard */; };
		EFCFDEA528D252D100C772E3 /* ListView.swift in Sources */ = {isa = PBXBuildFile; fileRef = EFCFDEA428D252D100C772E3 /* ListView.swift */; };
		EFE1309628D21D4300E8526B /* TodoList_App.swift in Sources */ = {isa = PBXBuildFile; fileRef = EFE1309528D21D4300E8526B /* TodoList_App.swift */; };
		EFE1309A28D21D4700E8526B /* Assets.xcassets in Resources */ = {isa = PBXBuildFile; fileRef = EFE1309928D21D4700E8526B /* Assets.xcassets */; };
		EFE1309D28D21D4700E8526B /* Preview Assets.xcassets in Resources */ = {isa = PBXBuildFile; fileRef = EFE1309C28D21D4700E8526B /* Preview Assets.xcassets */; };
		EFF92E0A28D26F48007D51DD /* ListRowView.swift in Sources */ = {isa = PBXBuildFile; fileRef = EFF92E0928D26F48007D51DD /* ListRowView.swift */; };
		EFF92E0C28D273B4007D51DD /* AddView.swift in Sources */ = {isa = PBXBuildFile; fileRef = EFF92E0B28D273B4007D51DD /* AddView.swift */; };
/* End PBXBuildFile section */

/* Begin PBXFileReference section */
		EF0D66B428D4E9A600C7BD69 /* ItemModel.swift */ = {isa = PBXFileReference; lastKnownFileType = sourcecode.swift; path = ItemModel.swift; sourceTree = "<group>"; };
		EF0D66B728D5049F00C7BD69 /* ListViewModel.swift */ = {isa = PBXFileReference; lastKnownFileType = sourcecode.swift; path = ListViewModel.swift; sourceTree = "<group>"; };
		EF0D66B928D79E4800C7BD69 /* NoItemsView.swift */ = {isa = PBXFileReference; lastKnownFileType = sourcecode.swift; path = NoItemsView.swift; sourceTree = "<group>"; };
		EFAE546128D8E5720017B328 /* LaunchScreen.storyboard */ = {isa = PBXFileReference; lastKnownFileType = file.storyboard; path = LaunchScreen.storyboard; sourceTree = "<group>"; };
		EFCFDEA428D252D100C772E3 /* ListView.swift */ = {isa = PBXFileReference; lastKnownFileType = sourcecode.swift; path = ListView.swift; sourceTree = "<group>"; };
		EFE1309228D21D4300E8526B /* TodoList_App.app */ = {isa = PBXFileReference; explicitFileType = wrapper.application; includeInIndex = 0; path = TodoList_App.app; sourceTree = BUILT_PRODUCTS_DIR; };
		EFE1309528D21D4300E8526B /* TodoList_App.swift */ = {isa = PBXFileReference; lastKnownFileType = sourcecode.swift; path = TodoList_App.swift; sourceTree = "<group>"; };
		EFE1309928D21D4700E8526B /* Assets.xcassets */ = {isa = PBXFileReference; lastKnownFileType = folder.assetcatalog; path = Assets.xcassets; sourceTree = "<group>"; };
		EFE1309C28D21D4700E8526B /* Preview Assets.xcassets */ = {isa = PBXFileReference; lastKnownFileType = folder.assetcatalog; path = "Preview Assets.xcassets"; sourceTree = "<group>"; };
		EFF92E0928D26F48007D51DD /* ListRowView.swift */ = {isa = PBXFileReference; lastKnownFileType = sourcecode.swift; path = ListRowView.swift; sourceTree = "<group>"; };
		EFF92E0B28D273B4007D51DD /* AddView.swift */ = {isa = PBXFileReference; lastKnownFileType = sourcecode.swift; path = AddView.swift; sourceTree = "<group>"; };
/* End PBXFileReference section */

/* Begin PBXFrameworksBuildPhase section */
		EFE1308F28D21D4300E8526B /* Frameworks */ = {
			isa = PBXFrameworksBuildPhase;
			buildActionMask = 2147483647;
			files = (
			);
			runOnlyForDeploymentPostprocessing = 0;
		};
/* End PBXFrameworksBuildPhase section */

/* Begin PBXGroup section */
		EF0D66B328D4E99000C7BD69 /* Models */ = {
			isa = PBXGroup;
			children = (
				EF0D66B428D4E9A600C7BD69 /* ItemModel.swift */,
			);
			path = Models;
			sourceTree = "<group>";
		};
		EF0D66B628D5047000C7BD69 /* ViewModels */ = {
			isa = PBXGroup;
			children = (
				EF0D66B728D5049F00C7BD69 /* ListViewModel.swift */,
			);
			path = ViewModels;
			sourceTree = "<group>";
		};
		EFCFDEA328D2528500C772E3 /* Views */ = {
			isa = PBXGroup;
			children = (
				EFCFDEA428D252D100C772E3 /* ListView.swift */,
				EFF92E0928D26F48007D51DD /* ListRowView.swift */,
				EFF92E0B28D273B4007D51DD /* AddView.swift */,
				EF0D66B928D79E4800C7BD69 /* NoItemsView.swift */,
				EFAE546128D8E5720017B328 /* LaunchScreen.storyboard */,
			);
			path = Views;
			sourceTree = "<group>";
		};
		EFE1308928D21D4300E8526B = {
			isa = PBXGroup;
			children = (
				EFE1309528D21D4300E8526B /* TodoList_App.swift */,
				EFE1309428D21D4300E8526B /* TodoList_App */,
				EFE1309328D21D4300E8526B /* Products */,
			);
			sourceTree = "<group>";
		};
		EFE1309328D21D4300E8526B /* Products */ = {
			isa = PBXGroup;
			children = (
				EFE1309228D21D4300E8526B /* TodoList_App.app */,
			);
			name = Products;
			sourceTree = "<group>";
		};
		EFE1309428D21D4300E8526B /* TodoList_App */ = {
			isa = PBXGroup;
			children = (
				EF0D66B328D4E99000C7BD69 /* Models */,
				EF0D66B628D5047000C7BD69 /* ViewModels */,
				EFCFDEA328D2528500C772E3 /* Views */,
				EFE1309928D21D4700E8526B /* Assets.xcassets */,
				EFE1309B28D21D4700E8526B /* Preview Content */,
			);
			path = TodoList_App;
			sourceTree = "<group>";
		};
		EFE1309B28D21D4700E8526B /* Preview Content */ = {
			isa = PBXGroup;
			children = (
				EFE1309C28D21D4700E8526B /* Preview Assets.xcassets */,
			);
			path = "Preview Content";
			sourceTree = "<group>";
		};
/* End PBXGroup section */

/* Begin PBXNativeTarget section */
		EFE1309128D21D4300E8526B /* TodoListdoList_app */ = {
			isa = PBXNativeTarget;
			buildConfigurationList = EFE130A028D21D4700E8526B /* Build configuration list for PBXNativeTarget "TodoListdoList_app" */;
			buildPhases = (
				EFE1308E28D21D4300E8526B /* Sources */,
				EFE1308F28D21D4300E8526B /* Frameworks */,
				EFE1309028D21D4300E8526B /* Resources */,
			);
			buildRules = (
			);
			dependencies = (
			);
			name = TodoListdoList_app;
			productName = todoList_app;
			productReference = EFE1309228D21D4300E8526B /* TodoList_App.app */;
			productType = "com.apple.product-type.application";
		};
/* End PBXNativeTarget section */

/* Begin PBXProject section */
		EFE1308A28D21D4300E8526B /* Project object */ = {
			isa = PBXProject;
			attributes = {
				BuildIndependentTargetsInParallel = 1;
				LastSwiftUpdateCheck = 1340;
				LastUpgradeCheck = 1340;
				TargetAttributes = {
					EFE1309128D21D4300E8526B = {
						CreatedOnToolsVersion = 13.4.1;
					};
				};
			};
			buildConfigurationList = EFE1308D28D21D4300E8526B /* Build configuration list for PBXProject "TodoList_App" */;
			compatibilityVersion = "Xcode 13.0";
			developmentRegion = en;
			hasScannedForEncodings = 0;
			knownRegions = (
				en,
				Base,
			);
			mainGroup = EFE1308928D21D4300E8526B;
			productRefGroup = EFE1309328D21D4300E8526B /* Products */;
			projectDirPath = "";
			projectRoot = "";
			targets = (
				EFE1309128D21D4300E8526B /* TodoListdoList_app */,
			);
		};
/* End PBXProject section */

/* Begin PBXResourcesBuildPhase section */
		EFE1309028D21D4300E8526B /* Resources */ = {
			isa = PBXResourcesBuildPhase;
			buildActionMask = 2147483647;
			files = (
				EFAE546228D8E5720017B328 /* LaunchScreen.storyboard in Resources */,
				EFE1309D28D21D4700E8526B /* Preview Assets.xcassets in Resources */,
				EFE1309A28D21D4700E8526B /* Assets.xcassets in Resources */,
			);
			runOnlyForDeploymentPostprocessing = 0;
		};
/* End PBXResourcesBuildPhase section */

/* Begin PBXSourcesBuildPhase section */
		EFE1308E28D21D4300E8526B /* Sources */ = {
			isa = PBXSourcesBuildPhase;
			buildActionMask = 2147483647;
			files = (
				EF0D66B528D4E9A600C7BD69 /* ItemModel.swift in Sources */,
				EFF92E0C28D273B4007D51DD /* AddView.swift in Sources */,
				EF0D66B828D5049F00C7BD69 /* ListViewModel.swift in Sources */,
				EFE1309628D21D4300E8526B /* TodoList_App.swift in Sources */,
				EFCFDEA528D252D100C772E3 /* ListView.swift in Sources */,
				EF0D66BA28D79E4800C7BD69 /* NoItemsView.swift in Sources */,
				EFF92E0A28D26F48007D51DD /* ListRowView.swift in Sources */,
			);
			runOnlyForDeploymentPostprocessing = 0;
		};
/* End PBXSourcesBuildPhase section */

/* Begin XCBuildConfiguration section */
		EFE1309E28D21D4700E8526B /* Debug */ = {
			isa = XCBuildConfiguration;
			buildSettings = {
				ALWAYS_SEARCH_USER_PATHS = NO;
				CLANG_ANALYZER_NONNULL = YES;
				CLANG_ANALYZER_NUMBER_OBJECT_CONVERSION = YES_AGGRESSIVE;
				CLANG_CXX_LANGUAGE_STANDARD = "gnu++17";
				CLANG_ENABLE_MODULES = YES;
				CLANG_ENABLE_OBJC_ARC = YES;
				CLANG_ENABLE_OBJC_WEAK = YES;
				CLANG_WARN_BLOCK_CAPTURE_AUTORELEASING = YES;
				CLANG_WARN_BOOL_CONVERSION = YES;
				CLANG_WARN_COMMA = YES;
				CLANG_WARN_CONSTANT_CONVERSION = YES;
				CLANG_WARN_DEPRECATED_OBJC_IMPLEMENTATIONS = YES;
				CLANG_WARN_DIRECT_OBJC_ISA_USAGE = YES_ERROR;
				CLANG_WARN_DOCUMENTATION_COMMENTS = YES;
				CLANG_WARN_EMPTY_BODY = YES;
				CLANG_WARN_ENUM_CONVERSION = YES;
				CLANG_WARN_INFINITE_RECURSION = YES;
				CLANG_WARN_INT_CONVERSION = YES;
				CLANG_WARN_NON_LITERAL_NULL_CONVERSION = YES;
				CLANG_WARN_OBJC_IMPLICIT_RETAIN_SELF = YES;
				CLANG_WARN_OBJC_LITERAL_CONVERSION = YES;
				CLANG_WARN_OBJC_ROOT_CLASS = YES_ERROR;
				CLANG_WARN_QUOTED_INCLUDE_IN_FRAMEWORK_HEADER = YES;
				CLANG_WARN_RANGE_LOOP_ANALYSIS = YES;
				CLANG_WARN_STRICT_PROTOTYPES = YES;
				CLANG_WARN_SUSPICIOUS_MOVE = YES;
				CLANG_WARN_UNGUARDED_AVAILABILITY = YES_AGGRESSIVE;
				CLANG_WARN_UNREACHABLE_CODE = YES;
				CLANG_WARN__DUPLICATE_METHOD_MATCH = YES;
				COPY_PHASE_STRIP = NO;
				DEBUG_INFORMATION_FORMAT = dwarf;
				ENABLE_STRICT_OBJC_MSGSEND = YES;
				ENABLE_TESTABILITY = YES;
				GCC_C_LANGUAGE_STANDARD = gnu11;
				GCC_DYNAMIC_NO_PIC = NO;
				GCC_NO_COMMON_BLOCKS = YES;
				GCC_OPTIMIZATION_LEVEL = 0;
				GCC_PREPROCESSOR_DEFINITIONS = (
					"DEBUG=1",
					"$(inherited)",
				);
				GCC_WARN_64_TO_32_BIT_CONVERSION = YES;
				GCC_WARN_ABOUT_RETURN_TYPE = YES_ERROR;
				GCC_WARN_UNDECLARED_SELECTOR = YES;
				GCC_WARN_UNINITIALIZED_AUTOS = YES_AGGRESSIVE;
				GCC_WARN_UNUSED_FUNCTION = YES;
				GCC_WARN_UNUSED_VARIABLE = YES;
				IPHONEOS_DEPLOYMENT_TARGET = 15.5;
				MTL_ENABLE_DEBUG_INFO = INCLUDE_SOURCE;
				MTL_FAST_MATH = YES;
				ONLY_ACTIVE_ARCH = YES;
				SDKROOT = iphoneos;
				SWIFT_ACTIVE_COMPILATION_CONDITIONS = DEBUG;
				SWIFT_OPTIMIZATION_LEVEL = "-Onone";
			};
			name = Debug;
		};
		EFE1309F28D21D4700E8526B /* Release */ = {
			isa = XCBuildConfiguration;
			buildSettings = {
				ALWAYS_SEARCH_USER_PATHS = NO;
				CLANG_ANALYZER_NONNULL = YES;
				CLANG_ANALYZER_NUMBER_OBJECT_CONVERSION = YES_AGGRESSIVE;
				CLANG_CXX_LANGUAGE_STANDARD = "gnu++17";
				CLANG_ENABLE_MODULES = YES;
				CLANG_ENABLE_OBJC_ARC = YES;
				CLANG_ENABLE_OBJC_WEAK = YES;
				CLANG_WARN_BLOCK_CAPTURE_AUTORELEASING = YES;
				CLANG_WARN_BOOL_CONVERSION = YES;
				CLANG_WARN_COMMA = YES;
				CLANG_WARN_CONSTANT_CONVERSION = YES;
				CLANG_WARN_DEPRECATED_OBJC_IMPLEMENTATIONS = YES;
				CLANG_WARN_DIRECT_OBJC_ISA_USAGE = YES_ERROR;
				CLANG_WARN_DOCUMENTATION_COMMENTS = YES;
				CLANG_WARN_EMPTY_BODY = YES;
				CLANG_WARN_ENUM_CONVERSION = YES;
				CLANG_WARN_INFINITE_RECURSION = YES;
				CLANG_WARN_INT_CONVERSION = YES;
				CLANG_WARN_NON_LITERAL_NULL_CONVERSION = YES;
				CLANG_WARN_OBJC_IMPLICIT_RETAIN_SELF = YES;
				CLANG_WARN_OBJC_LITERAL_CONVERSION = YES;
				CLANG_WARN_OBJC_ROOT_CLASS = YES_ERROR;
				CLANG_WARN_QUOTED_INCLUDE_IN_FRAMEWORK_HEADER = YES;
				CLANG_WARN_RANGE_LOOP_ANALYSIS = YES;
				CLANG_WARN_STRICT_PROTOTYPES = YES;
				CLANG_WARN_SUSPICIOUS_MOVE = YES;
				CLANG_WARN_UNGUARDED_AVAILABILITY = YES_AGGRESSIVE;
				CLANG_WARN_UNREACHABLE_CODE = YES;
				CLANG_WARN__DUPLICATE_METHOD_MATCH = YES;
				COPY_PHASE_STRIP = NO;
				DEBUG_INFORMATION_FORMAT = "dwarf-with-dsym";
				ENABLE_NS_ASSERTIONS = NO;
				ENABLE_STRICT_OBJC_MSGSEND = YES;
				GCC_C_LANGUAGE_STANDARD = gnu11;
				GCC_NO_COMMON_BLOCKS = YES;
				GCC_WARN_64_TO_32_BIT_CONVERSION = YES;
				GCC_WARN_ABOUT_RETURN_TYPE = YES_ERROR;
				GCC_WARN_UNDECLARED_SELECTOR = YES;
				GCC_WARN_UNINITIALIZED_AUTOS = YES_AGGRESSIVE;
				GCC_WARN_UNUSED_FUNCTION = YES;
				GCC_WARN_UNUSED_VARIABLE = YES;
				IPHONEOS_DEPLOYMENT_TARGET = 15.5;
				MTL_ENABLE_DEBUG_INFO = NO;
				MTL_FAST_MATH = YES;
				SDKROOT = iphoneos;
				SWIFT_COMPILATION_MODE = wholemodule;
				SWIFT_OPTIMIZATION_LEVEL = "-O";
				VALIDATE_PRODUCT = YES;
			};
			name = Release;
		};
		EFE130A128D21D4700E8526B /* Debug */ = {
			isa = XCBuildConfiguration;
			buildSettings = {
				ASSETCATALOG_COMPILER_APPICON_NAME = AppIcon;
				ASSETCATALOG_COMPILER_GLOBAL_ACCENT_COLOR_NAME = AccentColor;
				CODE_SIGN_STYLE = Automatic;
				CURRENT_PROJECT_VERSION = 1;
				DEVELOPMENT_ASSET_PATHS = "\"todoList_app/Preview Content\"";
				ENABLE_PREVIEWS = YES;
				GENERATE_INFOPLIST_FILE = YES;
				INFOPLIST_FILE = "TodoListdoList-app-Info.plist";
				INFOPLIST_KEY_CFBundleDisplayName = "Todo List";
				INFOPLIST_KEY_UIApplicationSceneManifest_Generation = YES;
				INFOPLIST_KEY_UIApplicationSupportsIndirectInputEvents = YES;
				INFOPLIST_KEY_UILaunchStoryboardName = LaunchScreen;
				INFOPLIST_KEY_UISupportedInterfaceOrientations_iPad = "UIInterfaceOrientationPortrait UIInterfaceOrientationPortraitUpsideDown UIInterfaceOrientationLandscapeLeft UIInterfaceOrientationLandscapeRight";
				INFOPLIST_KEY_UISupportedInterfaceOrientations_iPhone = "UIInterfaceOrientationPortrait UIInterfaceOrientationLandscapeLeft UIInterfaceOrientationLandscapeRight";
				LD_RUNPATH_SEARCH_PATHS = (
					"$(inherited)",
					"@executable_path/Frameworks",
				);
				MARKETING_VERSION = 1.0;
				PRODUCT_BUNDLE_IDENTIFIER = "com.minkuan.todoList-app";
				PRODUCT_NAME = TodoList_App;
				SWIFT_EMIT_LOC_STRINGS = YES;
				SWIFT_VERSION = 5.0;
				TARGETED_DEVICE_FAMILY = "1,2";
			};
			name = Debug;
		};
		EFE130A228D21D4700E8526B /* Release */ = {
			isa = XCBuildConfiguration;
			buildSettings = {
				ASSETCATALOG_COMPILER_APPICON_NAME = AppIcon;
				ASSETCATALOG_COMPILER_GLOBAL_ACCENT_COLOR_NAME = AccentColor;
				CODE_SIGN_STYLE = Automatic;
				CURRENT_PROJECT_VERSION = 1;
				DEVELOPMENT_ASSET_PATHS = "\"todoList_app/Preview Content\"";
				ENABLE_PREVIEWS = YES;
				GENERATE_INFOPLIST_FILE = YES;
				INFOPLIST_FILE = "TodoListdoList-app-Info.plist";
				INFOPLIST_KEY_CFBundleDisplayName = "Todo List";
				INFOPLIST_KEY_UIApplicationSceneManifest_Generation = YES;
				INFOPLIST_KEY_UIApplicationSupportsIndirectInputEvents = YES;
				INFOPLIST_KEY_UILaunchStoryboardName = LaunchScreen;
				INFOPLIST_KEY_UISupportedInterfaceOrientations_iPad = "UIInterfaceOrientationPortrait UIInterfaceOrientationPortraitUpsideDown UIInterfaceOrientationLandscapeLeft UIInterfaceOrientationLandscapeRight";
				INFOPLIST_KEY_UISupportedInterfaceOrientations_iPhone = "UIInterfaceOrientationPortrait UIInterfaceOrientationLandscapeLeft UIInterfaceOrientationLandscapeRight";
				LD_RUNPATH_SEARCH_PATHS = (
					"$(inherited)",
					"@executable_path/Frameworks",
				);
				MARKETING_VERSION = 1.0;
				PRODUCT_BUNDLE_IDENTIFIER = "com.minkuan.todoList-app";
				PRODUCT_NAME = TodoList_App;
				SWIFT_EMIT_LOC_STRINGS = YES;
				SWIFT_VERSION = 5.0;
				TARGETED_DEVICE_FAMILY = "1,2";
			};
			name = Release;
		};
/* End XCBuildConfiguration section */

/* Begin XCConfigurationList section */
		EFE1308D28D21D4300E8526B /* Build configuration list for PBXProject "TodoList_App" */ = {
			isa = XCConfigurationList;
			buildConfigurations = (
				EFE1309E28D21D4700E8526B /* Debug */,
				EFE1309F28D21D4700E8526B /* Release */,
			);
			defaultConfigurationIsVisible = 0;
			defaultConfigurationName = Release;
		};
		EFE130A028D21D4700E8526B /* Build configuration list for PBXNativeTarget "TodoListdoList_app" */ = {
			isa = XCConfigurationList;
			buildConfigurations = (
				EFE130A128D21D4700E8526B /* Debug */,
				EFE130A228D21D4700E8526B /* Release */,
			);
			defaultConfigurationIsVisible = 0;
			defaultConfigurationName = Release;
		};
/* End XCConfigurationList section */
	};
	rootObject = EFE1308A28D21D4300E8526B /* Project object */;
}
